
Microsoft Visual Studio Solution File, Format Version 12.00
# Visual Studio Version 16
VisualStudioVersion = 16.0.31205.134
MinimumVisualStudioVersion = 10.0.40219.1
Project("{FAE04EC0-301F-11D3-BF4B-00C04F79EFBC}") = "CadastroAnuncio", "CadastroAnuncio\CadastroAnuncio.csproj", "{F52B1482-4281-48BB-B72F-A9D91DA87A38}"
EndProject
Project("{FAE04EC0-301F-11D3-BF4B-00C04F79EFBC}") = "CadastroAnuncioTeste", "CadastroAnuncioTeste\CadastroAnuncioTeste.csproj", "{E5934CFC-DA4B-413B-B3E4-F4C8C593AA3C}"
EndProject
Project("{FAE04EC0-301F-11D3-BF4B-00C04F79EFBC}") = "Rotativa", "Rotativa\Rotativa.csproj", "{D93FAA11-31F0-4629-B53C-AA8680283529}"
EndProject
Global
	GlobalSection(SolutionConfigurationPlatforms) = preSolution
		Debug|Any CPU = Debug|Any CPU
		Release|Any CPU = Release|Any CPU
	EndGlobalSection
	GlobalSection(ProjectConfigurationPlatforms) = postSolution
		{F52B1482-4281-48BB-B72F-A9D91DA87A38}.Debug|Any CPU.ActiveCfg = Debug|Any CPU
		{F52B1482-4281-48BB-B72F-A9D91DA87A38}.Debug|Any CPU.Build.0 = Debug|Any CPU
		{F52B1482-4281-48BB-B72F-A9D91DA87A38}.Release|Any CPU.ActiveCfg = Release|Any CPU
		{F52B1482-4281-48BB-B72F-A9D91DA87A38}.Release|Any CPU.Build.0 = Release|Any CPU
		{E5934CFC-DA4B-413B-B3E4-F4C8C593AA3C}.Debug|Any CPU.ActiveCfg = Debug|Any CPU
		{E5934CFC-DA4B-413B-B3E4-F4C8C593AA3C}.Debug|Any CPU.Build.0 = Debug|Any CPU
		{E5934CFC-DA4B-413B-B3E4-F4C8C593AA3C}.Release|Any CPU.ActiveCfg = Release|Any CPU
		{E5934CFC-DA4B-413B-B3E4-F4C8C593AA3C}.Release|Any CPU.Build.0 = Release|Any CPU
		{D93FAA11-31F0-4629-B53C-AA8680283529}.Debug|Any CPU.ActiveCfg = Debug|Any CPU
		{D93FAA11-31F0-4629-B53C-AA8680283529}.Debug|Any CPU.Build.0 = Debug|Any CPU
		{D93FAA11-31F0-4629-B53C-AA8680283529}.Release|Any CPU.ActiveCfg = Release|Any CPU
		{D93FAA11-31F0-4629-B53C-AA8680283529}.Release|Any CPU.Build.0 = Release|Any CPU
	EndGlobalSection
	GlobalSection(SolutionProperties) = preSolution
		HideSolutionNode = FALSE
	EndGlobalSection
	GlobalSection(ExtensibilityGlobals) = postSolution
		SolutionGuid = {B6F52262-9E09-451B-BDC3-91BD147F5814}
	EndGlobalSection
EndGlobal
